
Microsoft Visual Studio Solution File, Format Version 12.00
# Visual Studio Version 17
VisualStudioVersion = 17.0.31903.59
MinimumVisualStudioVersion = 10.0.40219.1
Project("{9A19103F-16F7-4668-BE54-9A1E7A4F7556}") = "ForthMachine", "src\ForthMachine\ForthMachine.csproj", "{83D45636-5FDF-4D58-8C1C-9E84263F9053}"
EndProject
Project("{9A19103F-16F7-4668-BE54-9A1E7A4F7556}") = "ForthMachine.Repl", "src\ForthMachine.Repl\ForthMachine.Repl.csproj", "{041FC91D-1F61-438F-8861-F0D05EAD83CE}"
EndProject
Global
	GlobalSection(SolutionConfigurationPlatforms) = preSolution
		Debug|Any CPU = Debug|Any CPU
		Release|Any CPU = Release|Any CPU
	EndGlobalSection
	GlobalSection(ProjectConfigurationPlatforms) = postSolution
		{83D45636-5FDF-4D58-8C1C-9E84263F9053}.Debug|Any CPU.ActiveCfg = Debug|Any CPU
		{83D45636-5FDF-4D58-8C1C-9E84263F9053}.Debug|Any CPU.Build.0 = Debug|Any CPU
		{83D45636-5FDF-4D58-8C1C-9E84263F9053}.Release|Any CPU.ActiveCfg = Release|Any CPU
		{83D45636-5FDF-4D58-8C1C-9E84263F9053}.Release|Any CPU.Build.0 = Release|Any CPU
		{041FC91D-1F61-438F-8861-F0D05EAD83CE}.Debug|Any CPU.ActiveCfg = Debug|Any CPU
		{041FC91D-1F61-438F-8861-F0D05EAD83CE}.Debug|Any CPU.Build.0 = Debug|Any CPU
		{041FC91D-1F61-438F-8861-F0D05EAD83CE}.Release|Any CPU.ActiveCfg = Release|Any CPU
		{041FC91D-1F61-438F-8861-F0D05EAD83CE}.Release|Any CPU.Build.0 = Release|Any CPU
	EndGlobalSection
	GlobalSection(SolutionProperties) = preSolution
		HideSolutionNode = FALSE
	EndGlobalSection
	GlobalSection(ExtensibilityGlobals) = postSolution
		SolutionGuid = {2A8B0950-6DD3-44D2-A41B-6FBC1A94308D}
	EndGlobalSection
EndGlobal
